
Microsoft Visual Studio Solution File, Format Version 12.00
# Visual Studio Version 16
VisualStudioVersion = 16.0.29215.179
MinimumVisualStudioVersion = 10.0.40219.1
Project("{9A19103F-16F7-4668-BE54-9A1E7A4F7556}") = "WebAPI", "WebAPI\WebAPI.csproj", "{0532B75C-31DC-4001-9311-AFBB4737643B}"
EndProject
Project("{9A19103F-16F7-4668-BE54-9A1E7A4F7556}") = "WebAPITestProject", "WebAPITestProject\WebAPITestProject.csproj", "{205D8F45-0EE5-4806-B589-38B1E5A74E50}"
EndProject
Project("{FAE04EC0-301F-11D3-BF4B-00C04F79EFBC}") = "WebAPIIntegrationTestProject", "WebAPIIntegrationTestProject\WebAPIIntegrationTestProject.csproj", "{423AB58C-9564-4018-9B31-2784DD8D8600}"
EndProject
Global
	GlobalSection(SolutionConfigurationPlatforms) = preSolution
		Debug|Any CPU = Debug|Any CPU
		Release|Any CPU = Release|Any CPU
	EndGlobalSection
	GlobalSection(ProjectConfigurationPlatforms) = postSolution
		{0532B75C-31DC-4001-9311-AFBB4737643B}.Debug|Any CPU.ActiveCfg = Debug|Any CPU
		{0532B75C-31DC-4001-9311-AFBB4737643B}.Debug|Any CPU.Build.0 = Debug|Any CPU
		{0532B75C-31DC-4001-9311-AFBB4737643B}.Release|Any CPU.ActiveCfg = Release|Any CPU
		{0532B75C-31DC-4001-9311-AFBB4737643B}.Release|Any CPU.Build.0 = Release|Any CPU
		{205D8F45-0EE5-4806-B589-38B1E5A74E50}.Debug|Any CPU.ActiveCfg = Debug|Any CPU
		{205D8F45-0EE5-4806-B589-38B1E5A74E50}.Debug|Any CPU.Build.0 = Debug|Any CPU
		{205D8F45-0EE5-4806-B589-38B1E5A74E50}.Release|Any CPU.ActiveCfg = Release|Any CPU
		{205D8F45-0EE5-4806-B589-38B1E5A74E50}.Release|Any CPU.Build.0 = Release|Any CPU
		{423AB58C-9564-4018-9B31-2784DD8D8600}.Debug|Any CPU.ActiveCfg = Debug|Any CPU
		{423AB58C-9564-4018-9B31-2784DD8D8600}.Debug|Any CPU.Build.0 = Debug|Any CPU
		{423AB58C-9564-4018-9B31-2784DD8D8600}.Release|Any CPU.ActiveCfg = Release|Any CPU
		{423AB58C-9564-4018-9B31-2784DD8D8600}.Release|Any CPU.Build.0 = Release|Any CPU
	EndGlobalSection
	GlobalSection(SolutionProperties) = preSolution
		HideSolutionNode = FALSE
	EndGlobalSection
	GlobalSection(ExtensibilityGlobals) = postSolution
		SolutionGuid = {F035E598-F4BB-4471-B574-980C491B1C58}
	EndGlobalSection
EndGlobal
