
Microsoft Visual Studio Solution File, Format Version 12.00
# Visual Studio Version 16
VisualStudioVersion = 16.0.29215.179
MinimumVisualStudioVersion = 10.0.40219.1
Project("{FAE04EC0-301F-11D3-BF4B-00C04F79EFBC}") = "WebApplicationTest", "WebApplicationTest\WebApplicationTest.csproj", "{2C5EF794-4480-4DA6-B949-0FF4D86D1E41}"
EndProject
Project("{FAE04EC0-301F-11D3-BF4B-00C04F79EFBC}") = "testIntegration", "testIntegration\testIntegration.csproj", "{175D7980-4776-45E6-BE20-590603113E56}"
EndProject
Global
	GlobalSection(SolutionConfigurationPlatforms) = preSolution
		Debug|Any CPU = Debug|Any CPU
		Release|Any CPU = Release|Any CPU
	EndGlobalSection
	GlobalSection(ProjectConfigurationPlatforms) = postSolution
		{2C5EF794-4480-4DA6-B949-0FF4D86D1E41}.Debug|Any CPU.ActiveCfg = Debug|Any CPU
		{2C5EF794-4480-4DA6-B949-0FF4D86D1E41}.Debug|Any CPU.Build.0 = Debug|Any CPU
		{2C5EF794-4480-4DA6-B949-0FF4D86D1E41}.Release|Any CPU.ActiveCfg = Release|Any CPU
		{2C5EF794-4480-4DA6-B949-0FF4D86D1E41}.Release|Any CPU.Build.0 = Release|Any CPU
		{175D7980-4776-45E6-BE20-590603113E56}.Debug|Any CPU.ActiveCfg = Debug|Any CPU
		{175D7980-4776-45E6-BE20-590603113E56}.Debug|Any CPU.Build.0 = Debug|Any CPU
		{175D7980-4776-45E6-BE20-590603113E56}.Release|Any CPU.ActiveCfg = Release|Any CPU
		{175D7980-4776-45E6-BE20-590603113E56}.Release|Any CPU.Build.0 = Release|Any CPU
	EndGlobalSection
	GlobalSection(SolutionProperties) = preSolution
		HideSolutionNode = FALSE
	EndGlobalSection
	GlobalSection(ExtensibilityGlobals) = postSolution
		SolutionGuid = {AD4CC280-627A-44DC-9D32-CD3D3FCA426C}
	EndGlobalSection
EndGlobal
